
Microsoft Visual Studio Solution File, Format Version 12.00
# Visual Studio Version 16
VisualStudioVersion = 16.0.30204.135
MinimumVisualStudioVersion = 10.0.40219.1
Project("{9A19103F-16F7-4668-BE54-9A1E7A4F7556}") = "OrderDetailApp", "OrderDetailApp\OrderDetailApp.csproj", "{D92D4874-7A99-47EA-A315-628FA024D126}"
EndProject
Project("{9A19103F-16F7-4668-BE54-9A1E7A4F7556}") = "OrderDetailAppTests", "OrderDetailAppTests\OrderDetailAppTests.csproj", "{532FC55D-604F-4364-AFBC-C542F14CB388}"
EndProject
Project("{FAE04EC0-301F-11D3-BF4B-00C04F79EFBC}") = "Reportes", "Reportes\Reportes.csproj", "{ED96FAE6-8832-48C1-94CE-19DB08CABEC3}"
EndProject
Global
	GlobalSection(SolutionConfigurationPlatforms) = preSolution
		Debug|Any CPU = Debug|Any CPU
		Release|Any CPU = Release|Any CPU
	EndGlobalSection
	GlobalSection(ProjectConfigurationPlatforms) = postSolution
		{D92D4874-7A99-47EA-A315-628FA024D126}.Debug|Any CPU.ActiveCfg = Debug|Any CPU
		{D92D4874-7A99-47EA-A315-628FA024D126}.Debug|Any CPU.Build.0 = Debug|Any CPU
		{D92D4874-7A99-47EA-A315-628FA024D126}.Release|Any CPU.ActiveCfg = Release|Any CPU
		{D92D4874-7A99-47EA-A315-628FA024D126}.Release|Any CPU.Build.0 = Release|Any CPU
		{532FC55D-604F-4364-AFBC-C542F14CB388}.Debug|Any CPU.ActiveCfg = Debug|Any CPU
		{532FC55D-604F-4364-AFBC-C542F14CB388}.Debug|Any CPU.Build.0 = Debug|Any CPU
		{532FC55D-604F-4364-AFBC-C542F14CB388}.Release|Any CPU.ActiveCfg = Release|Any CPU
		{532FC55D-604F-4364-AFBC-C542F14CB388}.Release|Any CPU.Build.0 = Release|Any CPU
		{ED96FAE6-8832-48C1-94CE-19DB08CABEC3}.Debug|Any CPU.ActiveCfg = Debug|Any CPU
		{ED96FAE6-8832-48C1-94CE-19DB08CABEC3}.Debug|Any CPU.Build.0 = Debug|Any CPU
		{ED96FAE6-8832-48C1-94CE-19DB08CABEC3}.Release|Any CPU.ActiveCfg = Release|Any CPU
		{ED96FAE6-8832-48C1-94CE-19DB08CABEC3}.Release|Any CPU.Build.0 = Release|Any CPU
	EndGlobalSection
	GlobalSection(SolutionProperties) = preSolution
		HideSolutionNode = FALSE
	EndGlobalSection
	GlobalSection(ExtensibilityGlobals) = postSolution
		SolutionGuid = {771553C9-CD61-45EA-8B80-F4536AF994C6}
	EndGlobalSection
EndGlobal
